
Microsoft Visual Studio Solution File, Format Version 12.00
# Visual Studio 2012
Project("{FAE04EC0-301F-11D3-BF4B-00C04F79EFBC}") = "SemanticsSearchPerformanceTest", "SemanticsSearchPerformanceTest\SemanticsSearchPerformanceTest.csproj", "{6041F7DF-4857-481A-A5E7-62B6A886452C}"
EndProject
Project("{FAE04EC0-301F-11D3-BF4B-00C04F79EFBC}") = "UnitTests", "UnitTests\UnitTests.csproj", "{C7BF2744-B21B-4215-80AE-F1CE92AD89AE}"
EndProject
Global
	GlobalSection(SolutionConfigurationPlatforms) = preSolution
		Debug|Any CPU = Debug|Any CPU
		Release|Any CPU = Release|Any CPU
	EndGlobalSection
	GlobalSection(ProjectConfigurationPlatforms) = postSolution
		{6041F7DF-4857-481A-A5E7-62B6A886452C}.Debug|Any CPU.ActiveCfg = Debug|Any CPU
		{6041F7DF-4857-481A-A5E7-62B6A886452C}.Debug|Any CPU.Build.0 = Debug|Any CPU
		{6041F7DF-4857-481A-A5E7-62B6A886452C}.Release|Any CPU.ActiveCfg = Release|Any CPU
		{6041F7DF-4857-481A-A5E7-62B6A886452C}.Release|Any CPU.Build.0 = Release|Any CPU
		{C7BF2744-B21B-4215-80AE-F1CE92AD89AE}.Debug|Any CPU.ActiveCfg = Debug|Any CPU
		{C7BF2744-B21B-4215-80AE-F1CE92AD89AE}.Debug|Any CPU.Build.0 = Debug|Any CPU
		{C7BF2744-B21B-4215-80AE-F1CE92AD89AE}.Release|Any CPU.ActiveCfg = Release|Any CPU
		{C7BF2744-B21B-4215-80AE-F1CE92AD89AE}.Release|Any CPU.Build.0 = Release|Any CPU
	EndGlobalSection
	GlobalSection(SolutionProperties) = preSolution
		HideSolutionNode = FALSE
	EndGlobalSection
EndGlobal
